
Microsoft Visual Studio Solution File, Format Version 12.00
# Visual Studio Version 16
VisualStudioVersion = 16.0.33027.164
MinimumVisualStudioVersion = 10.0.40219.1
Project("{FAE04EC0-301F-11D3-BF4B-00C04F79EFBC}") = "4.100", "4.100.csproj", "{DBF38145-0121-49CB-BAF8-ACF9FF7CE3C6}"
EndProject
Global
	GlobalSection(SolutionConfigurationPlatforms) = preSolution
		Debug|Any CPU = Debug|Any CPU
		Release|Any CPU = Release|Any CPU
	EndGlobalSection
	GlobalSection(ProjectConfigurationPlatforms) = postSolution
		{DBF38145-0121-49CB-BAF8-ACF9FF7CE3C6}.Debug|Any CPU.ActiveCfg = Debug|Any CPU
		{DBF38145-0121-49CB-BAF8-ACF9FF7CE3C6}.Debug|Any CPU.Build.0 = Debug|Any CPU
		{DBF38145-0121-49CB-BAF8-ACF9FF7CE3C6}.Release|Any CPU.ActiveCfg = Release|Any CPU
		{DBF38145-0121-49CB-BAF8-ACF9FF7CE3C6}.Release|Any CPU.Build.0 = Release|Any CPU
	EndGlobalSection
	GlobalSection(SolutionProperties) = preSolution
		HideSolutionNode = FALSE
	EndGlobalSection
	GlobalSection(ExtensibilityGlobals) = postSolution
		SolutionGuid = {EBA265EA-394E-491F-A56D-564021BF2280}
	EndGlobalSection
EndGlobal
